// !$*UTF8*$!
{
	archiveVersion = 1;
	classes = {
	};
	objectVersion = 46;
	objects = {

/* Begin PBXBuildFile section */
		F31451771B72730E00CAAA59 /* Launch Screen.storyboard in Resources */ = {isa = PBXBuildFile; fileRef = F31451761B72730E00CAAA59 /* Launch Screen.storyboard */; };
		F33D94051B5BD8E7000AA303 /* main.m in Sources */ = {isa = PBXBuildFile; fileRef = F33D94041B5BD8E7000AA303 /* main.m */; };
		F33D94081B5BD8E7000AA303 /* AppDelegate.m in Sources */ = {isa = PBXBuildFile; fileRef = F33D94071B5BD8E7000AA303 /* AppDelegate.m */; };
		F33D940E1B5BD8E7000AA303 /* Main.storyboard in Resources */ = {isa = PBXBuildFile; fileRef = F33D940C1B5BD8E7000AA303 /* Main.storyboard */; };
		F33D941E1B5BD9C8000AA303 /* ContentViewController.m in Sources */ = {isa = PBXBuildFile; fileRef = F33D941C1B5BD9C8000AA303 /* ContentViewController.m */; };
		F33D941F1B5BD9C8000AA303 /* ContentViewController.xib in Resources */ = {isa = PBXBuildFile; fileRef = F33D941D1B5BD9C8000AA303 /* ContentViewController.xib */; };
		F37149E11B5BDB5A00582DE4 /* BoardAPI.m in Sources */ = {isa = PBXBuildFile; fileRef = F37149E01B5BDB5A00582DE4 /* BoardAPI.m */; };
		F3796B121B64EC9B0001D81F /* AttachmentsTableDelegate.m in Sources */ = {isa = PBXBuildFile; fileRef = F3796B111B64EC9B0001D81F /* AttachmentsTableDelegate.m */; };
		F37CA02A1B68E55400A885C7 /* DetailedAttachmentViewController.m in Sources */ = {isa = PBXBuildFile; fileRef = F37CA0281B68E55400A885C7 /* DetailedAttachmentViewController.m */; };
		F37CA02B1B68E55400A885C7 /* DetailedAttachmentViewController.xib in Resources */ = {isa = PBXBuildFile; fileRef = F37CA0291B68E55400A885C7 /* DetailedAttachmentViewController.xib */; };
		F37DDFBA1B77F2380056D316 /* NewPostViewController.m in Sources */ = {isa = PBXBuildFile; fileRef = F37DDFB91B77F2380056D316 /* NewPostViewController.m */; };
		F38CAC491B68496E00A2EF98 /* UserDefaults.m in Sources */ = {isa = PBXBuildFile; fileRef = F38CAC481B68496E00A2EF98 /* UserDefaults.m */; };
		F38F1C441B606AF000DDDE64 /* BoardSwitcherViewController.m in Sources */ = {isa = PBXBuildFile; fileRef = F38F1C431B606AF000DDDE64 /* BoardSwitcherViewController.m */; };
		F39369331B5E839F0068A85F /* ThreadViewController.m in Sources */ = {isa = PBXBuildFile; fileRef = F39369321B5E839F0068A85F /* ThreadViewController.m */; };
		F39369361B5E86290068A85F /* BoardViewController.m in Sources */ = {isa = PBXBuildFile; fileRef = F39369351B5E86290068A85F /* BoardViewController.m */; };
		F39CACB71B60FFEE003BEA68 /* BoardMarkupParser.m in Sources */ = {isa = PBXBuildFile; fileRef = F39CACB61B60FFEE003BEA68 /* BoardMarkupParser.m */; };
		F39CBEA71B5D71440049DB45 /* AutoLayoutStackView.m in Sources */ = {isa = PBXBuildFile; fileRef = F39CBEA61B5D71440049DB45 /* AutoLayoutStackView.m */; };
		F3B063C01B7A9764003BA83E /* Assets.xcassets in Resources */ = {isa = PBXBuildFile; fileRef = F3B063BF1B7A9764003BA83E /* Assets.xcassets */; };
		F3B063C61B7AB5FC003BA83E /* BoardPostResponseParser.m in Sources */ = {isa = PBXBuildFile; fileRef = F3B063C51B7AB5FC003BA83E /* BoardPostResponseParser.m */; };
		F3B937B41B5DAAD300721CD8 /* ThreadTableViewCell.m in Sources */ = {isa = PBXBuildFile; fileRef = F3B937B21B5DAAD300721CD8 /* ThreadTableViewCell.m */; };
		F3B937B51B5DAAD300721CD8 /* ThreadTableViewCell.xib in Resources */ = {isa = PBXBuildFile; fileRef = F3B937B31B5DAAD300721CD8 /* ThreadTableViewCell.xib */; };
		F3B937B91B5DAAFA00721CD8 /* PostTableViewCell.m in Sources */ = {isa = PBXBuildFile; fileRef = F3B937B71B5DAAFA00721CD8 /* PostTableViewCell.m */; };
		F3B937BA1B5DAAFA00721CD8 /* PostTableViewCell.xib in Resources */ = {isa = PBXBuildFile; fileRef = F3B937B81B5DAAFA00721CD8 /* PostTableViewCell.xib */; };
		F3B937BF1B5E55D700721CD8 /* BoardTableViewCell.m in Sources */ = {isa = PBXBuildFile; fileRef = F3B937BE1B5E55D700721CD8 /* BoardTableViewCell.m */; };
		F3B937C51B5E64F500721CD8 /* Board.xcdatamodeld in Sources */ = {isa = PBXBuildFile; fileRef = F3B937C31B5E64F500721CD8 /* Board.xcdatamodeld */; };
		F3B937C81B5E6A7100721CD8 /* BoardManagedObjectContext.m in Sources */ = {isa = PBXBuildFile; fileRef = F3B937C71B5E6A7100721CD8 /* BoardManagedObjectContext.m */; };
		F3BD07701B683D79000946B5 /* SettingsViewController.m in Sources */ = {isa = PBXBuildFile; fileRef = F3BD076F1B683D79000946B5 /* SettingsViewController.m */; };
		F3C59D401B5E9CFC0053CA72 /* BoardRequestParser.m in Sources */ = {isa = PBXBuildFile; fileRef = F3C59D3F1B5E9CFC0053CA72 /* BoardRequestParser.m */; };
		F3DC6FED1B6A46FD0063857A /* MessageTextViewDelegate.m in Sources */ = {isa = PBXBuildFile; fileRef = F3DC6FEC1B6A46FD0063857A /* MessageTextViewDelegate.m */; };
		F3DC6FF11B6B93E60063857A /* PostViewController.m in Sources */ = {isa = PBXBuildFile; fileRef = F3DC6FEF1B6B93E60063857A /* PostViewController.m */; };
		F3DC6FF21B6B93E60063857A /* PostViewController.xib in Resources */ = {isa = PBXBuildFile; fileRef = F3DC6FF01B6B93E60063857A /* PostViewController.xib */; };
		F3DC6FF41B6BD2070063857A /* QuartzCore.framework in Frameworks */ = {isa = PBXBuildFile; fileRef = F3DC6FF31B6BD2070063857A /* QuartzCore.framework */; };
		F3E4618A1B5FD09800A34BBF /* ShowAttachmentsViewController.m in Sources */ = {isa = PBXBuildFile; fileRef = F3E461891B5FD09800A34BBF /* ShowAttachmentsViewController.m */; };
/* End PBXBuildFile section */

/* Begin PBXFileReference section */
		F31451761B72730E00CAAA59 /* Launch Screen.storyboard */ = {isa = PBXFileReference; fileEncoding = 4; lastKnownFileType = file.storyboard; path = "Launch Screen.storyboard"; sourceTree = "<group>"; };
		F33D94001B5BD8E7000AA303 /* Dobrochannel.app */ = {isa = PBXFileReference; explicitFileType = wrapper.application; includeInIndex = 0; path = Dobrochannel.app; sourceTree = BUILT_PRODUCTS_DIR; };
		F33D94041B5BD8E7000AA303 /* main.m */ = {isa = PBXFileReference; lastKnownFileType = sourcecode.c.objc; path = main.m; sourceTree = "<group>"; };
		F33D94061B5BD8E7000AA303 /* AppDelegate.h */ = {isa = PBXFileReference; lastKnownFileType = sourcecode.c.h; path = AppDelegate.h; sourceTree = "<group>"; };
		F33D94071B5BD8E7000AA303 /* AppDelegate.m */ = {isa = PBXFileReference; lastKnownFileType = sourcecode.c.objc; path = AppDelegate.m; sourceTree = "<group>"; };
		F33D940D1B5BD8E7000AA303 /* Base */ = {isa = PBXFileReference; lastKnownFileType = file.storyboard; name = Base; path = Base.lproj/Main.storyboard; sourceTree = "<group>"; };
		F33D94141B5BD8E7000AA303 /* Info.plist */ = {isa = PBXFileReference; lastKnownFileType = text.plist.xml; path = Info.plist; sourceTree = "<group>"; };
		F33D941B1B5BD9C8000AA303 /* ContentViewController.h */ = {isa = PBXFileReference; fileEncoding = 4; lastKnownFileType = sourcecode.c.h; path = ContentViewController.h; sourceTree = "<group>"; };
		F33D941C1B5BD9C8000AA303 /* ContentViewController.m */ = {isa = PBXFileReference; fileEncoding = 4; lastKnownFileType = sourcecode.c.objc; path = ContentViewController.m; sourceTree = "<group>"; };
		F33D941D1B5BD9C8000AA303 /* ContentViewController.xib */ = {isa = PBXFileReference; fileEncoding = 4; lastKnownFileType = file.xib; path = ContentViewController.xib; sourceTree = "<group>"; };
		F37149DF1B5BDB5A00582DE4 /* BoardAPI.h */ = {isa = PBXFileReference; fileEncoding = 4; lastKnownFileType = sourcecode.c.h; path = BoardAPI.h; sourceTree = "<group>"; };
		F37149E01B5BDB5A00582DE4 /* BoardAPI.m */ = {isa = PBXFileReference; fileEncoding = 4; lastKnownFileType = sourcecode.c.objc; path = BoardAPI.m; sourceTree = "<group>"; };
		F3796B101B64EC9B0001D81F /* AttachmentsTableDelegate.h */ = {isa = PBXFileReference; fileEncoding = 4; lastKnownFileType = sourcecode.c.h; path = AttachmentsTableDelegate.h; sourceTree = "<group>"; };
		F3796B111B64EC9B0001D81F /* AttachmentsTableDelegate.m */ = {isa = PBXFileReference; fileEncoding = 4; lastKnownFileType = sourcecode.c.objc; path = AttachmentsTableDelegate.m; sourceTree = "<group>"; };
		F37CA0271B68E55400A885C7 /* DetailedAttachmentViewController.h */ = {isa = PBXFileReference; fileEncoding = 4; lastKnownFileType = sourcecode.c.h; path = DetailedAttachmentViewController.h; sourceTree = "<group>"; };
		F37CA0281B68E55400A885C7 /* DetailedAttachmentViewController.m */ = {isa = PBXFileReference; fileEncoding = 4; lastKnownFileType = sourcecode.c.objc; path = DetailedAttachmentViewController.m; sourceTree = "<group>"; };
		F37CA0291B68E55400A885C7 /* DetailedAttachmentViewController.xib */ = {isa = PBXFileReference; fileEncoding = 4; lastKnownFileType = file.xib; path = DetailedAttachmentViewController.xib; sourceTree = "<group>"; };
		F37DDFB81B77F2380056D316 /* NewPostViewController.h */ = {isa = PBXFileReference; fileEncoding = 4; lastKnownFileType = sourcecode.c.h; path = NewPostViewController.h; sourceTree = "<group>"; };
		F37DDFB91B77F2380056D316 /* NewPostViewController.m */ = {isa = PBXFileReference; fileEncoding = 4; lastKnownFileType = sourcecode.c.objc; path = NewPostViewController.m; sourceTree = "<group>"; };
		F38CAC471B68496E00A2EF98 /* UserDefaults.h */ = {isa = PBXFileReference; fileEncoding = 4; lastKnownFileType = sourcecode.c.h; path = UserDefaults.h; sourceTree = "<group>"; };
		F38CAC481B68496E00A2EF98 /* UserDefaults.m */ = {isa = PBXFileReference; fileEncoding = 4; lastKnownFileType = sourcecode.c.objc; path = UserDefaults.m; sourceTree = "<group>"; };
		F38F1C421B606AF000DDDE64 /* BoardSwitcherViewController.h */ = {isa = PBXFileReference; fileEncoding = 4; lastKnownFileType = sourcecode.c.h; path = BoardSwitcherViewController.h; sourceTree = "<group>"; };
		F38F1C431B606AF000DDDE64 /* BoardSwitcherViewController.m */ = {isa = PBXFileReference; fileEncoding = 4; lastKnownFileType = sourcecode.c.objc; path = BoardSwitcherViewController.m; sourceTree = "<group>"; };
		F39369311B5E839F0068A85F /* ThreadViewController.h */ = {isa = PBXFileReference; fileEncoding = 4; lastKnownFileType = sourcecode.c.h; path = ThreadViewController.h; sourceTree = "<group>"; };
		F39369321B5E839F0068A85F /* ThreadViewController.m */ = {isa = PBXFileReference; fileEncoding = 4; lastKnownFileType = sourcecode.c.objc; path = ThreadViewController.m; sourceTree = "<group>"; };
		F39369341B5E86290068A85F /* BoardViewController.h */ = {isa = PBXFileReference; fileEncoding = 4; lastKnownFileType = sourcecode.c.h; path = BoardViewController.h; sourceTree = "<group>"; };
		F39369351B5E86290068A85F /* BoardViewController.m */ = {isa = PBXFileReference; fileEncoding = 4; lastKnownFileType = sourcecode.c.objc; path = BoardViewController.m; sourceTree = "<group>"; };
		F39CACB51B60FFEE003BEA68 /* BoardMarkupParser.h */ = {isa = PBXFileReference; fileEncoding = 4; lastKnownFileType = sourcecode.c.h; path = BoardMarkupParser.h; sourceTree = "<group>"; };
		F39CACB61B60FFEE003BEA68 /* BoardMarkupParser.m */ = {isa = PBXFileReference; fileEncoding = 4; lastKnownFileType = sourcecode.c.objc; path = BoardMarkupParser.m; sourceTree = "<group>"; };
		F39CBEA51B5D71440049DB45 /* AutoLayoutStackView.h */ = {isa = PBXFileReference; fileEncoding = 4; lastKnownFileType = sourcecode.c.h; path = AutoLayoutStackView.h; sourceTree = "<group>"; };
		F39CBEA61B5D71440049DB45 /* AutoLayoutStackView.m */ = {isa = PBXFileReference; fileEncoding = 4; lastKnownFileType = sourcecode.c.objc; path = AutoLayoutStackView.m; sourceTree = "<group>"; };
		F3B063BF1B7A9764003BA83E /* Assets.xcassets */ = {isa = PBXFileReference; lastKnownFileType = folder.assetcatalog; path = Assets.xcassets; sourceTree = "<group>"; };
		F3B063C41B7AB5FC003BA83E /* BoardPostResponseParser.h */ = {isa = PBXFileReference; fileEncoding = 4; lastKnownFileType = sourcecode.c.h; path = BoardPostResponseParser.h; sourceTree = "<group>"; };
		F3B063C51B7AB5FC003BA83E /* BoardPostResponseParser.m */ = {isa = PBXFileReference; fileEncoding = 4; lastKnownFileType = sourcecode.c.objc; path = BoardPostResponseParser.m; sourceTree = "<group>"; };
		F3B937B11B5DAAD300721CD8 /* ThreadTableViewCell.h */ = {isa = PBXFileReference; fileEncoding = 4; lastKnownFileType = sourcecode.c.h; path = ThreadTableViewCell.h; sourceTree = "<group>"; };
		F3B937B21B5DAAD300721CD8 /* ThreadTableViewCell.m */ = {isa = PBXFileReference; fileEncoding = 4; lastKnownFileType = sourcecode.c.objc; path = ThreadTableViewCell.m; sourceTree = "<group>"; };
		F3B937B31B5DAAD300721CD8 /* ThreadTableViewCell.xib */ = {isa = PBXFileReference; fileEncoding = 4; lastKnownFileType = file.xib; path = ThreadTableViewCell.xib; sourceTree = "<group>"; };
		F3B937B61B5DAAFA00721CD8 /* PostTableViewCell.h */ = {isa = PBXFileReference; fileEncoding = 4; lastKnownFileType = sourcecode.c.h; path = PostTableViewCell.h; sourceTree = "<group>"; };
		F3B937B71B5DAAFA00721CD8 /* PostTableViewCell.m */ = {isa = PBXFileReference; fileEncoding = 4; lastKnownFileType = sourcecode.c.objc; path = PostTableViewCell.m; sourceTree = "<group>"; };
		F3B937B81B5DAAFA00721CD8 /* PostTableViewCell.xib */ = {isa = PBXFileReference; fileEncoding = 4; lastKnownFileType = file.xib; path = PostTableViewCell.xib; sourceTree = "<group>"; };
		F3B937BD1B5E55D700721CD8 /* BoardTableViewCell.h */ = {isa = PBXFileReference; fileEncoding = 4; lastKnownFileType = sourcecode.c.h; path = BoardTableViewCell.h; sourceTree = "<group>"; };
		F3B937BE1B5E55D700721CD8 /* BoardTableViewCell.m */ = {isa = PBXFileReference; fileEncoding = 4; lastKnownFileType = sourcecode.c.objc; path = BoardTableViewCell.m; sourceTree = "<group>"; };
		F3B937C41B5E64F500721CD8 /* Board.xcdatamodel */ = {isa = PBXFileReference; lastKnownFileType = wrapper.xcdatamodel; path = Board.xcdatamodel; sourceTree = "<group>"; };
		F3B937C61B5E6A7100721CD8 /* BoardManagedObjectContext.h */ = {isa = PBXFileReference; fileEncoding = 4; lastKnownFileType = sourcecode.c.h; path = BoardManagedObjectContext.h; sourceTree = "<group>"; };
		F3B937C71B5E6A7100721CD8 /* BoardManagedObjectContext.m */ = {isa = PBXFileReference; fileEncoding = 4; lastKnownFileType = sourcecode.c.objc; path = BoardManagedObjectContext.m; sourceTree = "<group>"; };
		F3BD076E1B683D79000946B5 /* SettingsViewController.h */ = {isa = PBXFileReference; fileEncoding = 4; lastKnownFileType = sourcecode.c.h; path = SettingsViewController.h; sourceTree = "<group>"; };
		F3BD076F1B683D79000946B5 /* SettingsViewController.m */ = {isa = PBXFileReference; fileEncoding = 4; lastKnownFileType = sourcecode.c.objc; path = SettingsViewController.m; sourceTree = "<group>"; };
		F3C59D3E1B5E9CFC0053CA72 /* BoardRequestParser.h */ = {isa = PBXFileReference; fileEncoding = 4; lastKnownFileType = sourcecode.c.h; path = BoardRequestParser.h; sourceTree = "<group>"; };
		F3C59D3F1B5E9CFC0053CA72 /* BoardRequestParser.m */ = {isa = PBXFileReference; fileEncoding = 4; lastKnownFileType = sourcecode.c.objc; path = BoardRequestParser.m; sourceTree = "<group>"; };
		F3DC6FEB1B6A46FD0063857A /* MessageTextViewDelegate.h */ = {isa = PBXFileReference; fileEncoding = 4; lastKnownFileType = sourcecode.c.h; path = MessageTextViewDelegate.h; sourceTree = "<group>"; };
		F3DC6FEC1B6A46FD0063857A /* MessageTextViewDelegate.m */ = {isa = PBXFileReference; fileEncoding = 4; lastKnownFileType = sourcecode.c.objc; path = MessageTextViewDelegate.m; sourceTree = "<group>"; };
		F3DC6FEE1B6B93E60063857A /* PostViewController.h */ = {isa = PBXFileReference; fileEncoding = 4; lastKnownFileType = sourcecode.c.h; path = PostViewController.h; sourceTree = "<group>"; };
		F3DC6FEF1B6B93E60063857A /* PostViewController.m */ = {isa = PBXFileReference; fileEncoding = 4; lastKnownFileType = sourcecode.c.objc; path = PostViewController.m; sourceTree = "<group>"; };
		F3DC6FF01B6B93E60063857A /* PostViewController.xib */ = {isa = PBXFileReference; fileEncoding = 4; lastKnownFileType = file.xib; path = PostViewController.xib; sourceTree = "<group>"; };
		F3DC6FF31B6BD2070063857A /* QuartzCore.framework */ = {isa = PBXFileReference; lastKnownFileType = wrapper.framework; name = QuartzCore.framework; path = System/Library/Frameworks/QuartzCore.framework; sourceTree = SDKROOT; };
		F3E461881B5FD09800A34BBF /* ShowAttachmentsViewController.h */ = {isa = PBXFileReference; fileEncoding = 4; lastKnownFileType = sourcecode.c.h; path = ShowAttachmentsViewController.h; sourceTree = "<group>"; };
		F3E461891B5FD09800A34BBF /* ShowAttachmentsViewController.m */ = {isa = PBXFileReference; fileEncoding = 4; lastKnownFileType = sourcecode.c.objc; path = ShowAttachmentsViewController.m; sourceTree = "<group>"; };
/* End PBXFileReference section */

/* Begin PBXFrameworksBuildPhase section */
		F33D93FD1B5BD8E7000AA303 /* Frameworks */ = {
			isa = PBXFrameworksBuildPhase;
			buildActionMask = 2147483647;
			files = (
				F3DC6FF41B6BD2070063857A /* QuartzCore.framework in Frameworks */,
			);
			runOnlyForDeploymentPostprocessing = 0;
		};
/* End PBXFrameworksBuildPhase section */

/* Begin PBXGroup section */
		F33D93F71B5BD8E7000AA303 = {
			isa = PBXGroup;
			children = (
				F3DC6FF31B6BD2070063857A /* QuartzCore.framework */,
				F33D94021B5BD8E7000AA303 /* dobrochannel */,
				F33D94011B5BD8E7000AA303 /* Products */,
			);
			sourceTree = "<group>";
		};
		F33D94011B5BD8E7000AA303 /* Products */ = {
			isa = PBXGroup;
			children = (
				F33D94001B5BD8E7000AA303 /* Dobrochannel.app */,
			);
			name = Products;
			sourceTree = "<group>";
		};
		F33D94021B5BD8E7000AA303 /* dobrochannel */ = {
			isa = PBXGroup;
			children = (
				F37149DE1B5BDB0A00582DE4 /* API */,
				F39CBEAB1B5D813B0049DB45 /* UI */,
				F39CBEA41B5D70F50049DB45 /* Controllers */,
				F33D94201B5BD9D1000AA303 /* Views */,
				F33D94031B5BD8E7000AA303 /* Supporting Files */,
				F33D941A1B5BD983000AA303 /* Assets */,
			);
			path = dobrochannel;
			sourceTree = "<group>";
		};
		F33D94031B5BD8E7000AA303 /* Supporting Files */ = {
			isa = PBXGroup;
			children = (
				F33D94061B5BD8E7000AA303 /* AppDelegate.h */,
				F33D94071B5BD8E7000AA303 /* AppDelegate.m */,
				F33D94041B5BD8E7000AA303 /* main.m */,
			);
			name = "Supporting Files";
			sourceTree = "<group>";
		};
		F33D941A1B5BD983000AA303 /* Assets */ = {
			isa = PBXGroup;
			children = (
				F33D94141B5BD8E7000AA303 /* Info.plist */,
				F3B063BF1B7A9764003BA83E /* Assets.xcassets */,
			);
			name = Assets;
			sourceTree = "<group>";
		};
		F33D94201B5BD9D1000AA303 /* Views */ = {
			isa = PBXGroup;
			children = (
				F3DC6FF01B6B93E60063857A /* PostViewController.xib */,
				F33D940C1B5BD8E7000AA303 /* Main.storyboard */,
				F31451761B72730E00CAAA59 /* Launch Screen.storyboard */,
				F33D941D1B5BD9C8000AA303 /* ContentViewController.xib */,
				F37CA0291B68E55400A885C7 /* DetailedAttachmentViewController.xib */,
			);
			name = Views;
			sourceTree = "<group>";
		};
		F37149DE1B5BDB0A00582DE4 /* API */ = {
			isa = PBXGroup;
			children = (
				F37149DF1B5BDB5A00582DE4 /* BoardAPI.h */,
				F37149E01B5BDB5A00582DE4 /* BoardAPI.m */,
				F3B937C31B5E64F500721CD8 /* Board.xcdatamodeld */,
				F3B937C61B5E6A7100721CD8 /* BoardManagedObjectContext.h */,
				F3B937C71B5E6A7100721CD8 /* BoardManagedObjectContext.m */,
				F3C59D3E1B5E9CFC0053CA72 /* BoardRequestParser.h */,
				F3C59D3F1B5E9CFC0053CA72 /* BoardRequestParser.m */,
				F3B063C41B7AB5FC003BA83E /* BoardPostResponseParser.h */,
				F3B063C51B7AB5FC003BA83E /* BoardPostResponseParser.m */,
				F39CACB51B60FFEE003BEA68 /* BoardMarkupParser.h */,
				F39CACB61B60FFEE003BEA68 /* BoardMarkupParser.m */,
			);
			name = API;
			sourceTree = "<group>";
		};
		F39CBEA41B5D70F50049DB45 /* Controllers */ = {
			isa = PBXGroup;
			children = (
				F3B937BB1B5DAB0100721CD8 /* TableCells */,
				F33D941B1B5BD9C8000AA303 /* ContentViewController.h */,
				F33D941C1B5BD9C8000AA303 /* ContentViewController.m */,
				F39369341B5E86290068A85F /* BoardViewController.h */,
				F39369351B5E86290068A85F /* BoardViewController.m */,
				F39369311B5E839F0068A85F /* ThreadViewController.h */,
				F39369321B5E839F0068A85F /* ThreadViewController.m */,
				F3DC6FEE1B6B93E60063857A /* PostViewController.h */,
				F3DC6FEF1B6B93E60063857A /* PostViewController.m */,
				F38F1C421B606AF000DDDE64 /* BoardSwitcherViewController.h */,
				F38F1C431B606AF000DDDE64 /* BoardSwitcherViewController.m */,
				F3E461881B5FD09800A34BBF /* ShowAttachmentsViewController.h */,
				F3E461891B5FD09800A34BBF /* ShowAttachmentsViewController.m */,
				F37CA0271B68E55400A885C7 /* DetailedAttachmentViewController.h */,
				F37CA0281B68E55400A885C7 /* DetailedAttachmentViewController.m */,
				F3BD076E1B683D79000946B5 /* SettingsViewController.h */,
				F3BD076F1B683D79000946B5 /* SettingsViewController.m */,
				F37DDFB81B77F2380056D316 /* NewPostViewController.h */,
				F37DDFB91B77F2380056D316 /* NewPostViewController.m */,
			);
			name = Controllers;
			sourceTree = "<group>";
		};
		F39CBEAB1B5D813B0049DB45 /* UI */ = {
			isa = PBXGroup;
			children = (
				F39CBEA51B5D71440049DB45 /* AutoLayoutStackView.h */,
				F39CBEA61B5D71440049DB45 /* AutoLayoutStackView.m */,
				F3796B101B64EC9B0001D81F /* AttachmentsTableDelegate.h */,
				F3796B111B64EC9B0001D81F /* AttachmentsTableDelegate.m */,
				F3DC6FEB1B6A46FD0063857A /* MessageTextViewDelegate.h */,
				F3DC6FEC1B6A46FD0063857A /* MessageTextViewDelegate.m */,
				F38CAC471B68496E00A2EF98 /* UserDefaults.h */,
				F38CAC481B68496E00A2EF98 /* UserDefaults.m */,
			);
			name = UI;
			sourceTree = "<group>";
		};
		F3B937BB1B5DAB0100721CD8 /* TableCells */ = {
			isa = PBXGroup;
			children = (
				F3B937BC1B5DAB0A00721CD8 /* Views */,
				F3B937BD1B5E55D700721CD8 /* BoardTableViewCell.h */,
				F3B937BE1B5E55D700721CD8 /* BoardTableViewCell.m */,
				F3B937B11B5DAAD300721CD8 /* ThreadTableViewCell.h */,
				F3B937B21B5DAAD300721CD8 /* ThreadTableViewCell.m */,
				F3B937B61B5DAAFA00721CD8 /* PostTableViewCell.h */,
				F3B937B71B5DAAFA00721CD8 /* PostTableViewCell.m */,
			);
			name = TableCells;
			sourceTree = "<group>";
		};
		F3B937BC1B5DAB0A00721CD8 /* Views */ = {
			isa = PBXGroup;
			children = (
				F3B937B31B5DAAD300721CD8 /* ThreadTableViewCell.xib */,
				F3B937B81B5DAAFA00721CD8 /* PostTableViewCell.xib */,
			);
			name = Views;
			sourceTree = "<group>";
		};
/* End PBXGroup section */

/* Begin PBXNativeTarget section */
		F33D93FF1B5BD8E7000AA303 /* Dobrochannel */ = {
			isa = PBXNativeTarget;
			buildConfigurationList = F33D94171B5BD8E7000AA303 /* Build configuration list for PBXNativeTarget "Dobrochannel" */;
			buildPhases = (
				F33D93FC1B5BD8E7000AA303 /* Sources */,
				F33D93FD1B5BD8E7000AA303 /* Frameworks */,
				F33D93FE1B5BD8E7000AA303 /* Resources */,
			);
			buildRules = (
			);
			dependencies = (
			);
			name = Dobrochannel;
			productName = dobrochannel;
			productReference = F33D94001B5BD8E7000AA303 /* Dobrochannel.app */;
			productType = "com.apple.product-type.application";
		};
/* End PBXNativeTarget section */

/* Begin PBXProject section */
		F33D93F81B5BD8E7000AA303 /* Project object */ = {
			isa = PBXProject;
			attributes = {
				LastUpgradeCheck = 0700;
				ORGANIZATIONNAME = "Vasiliy Horbachenko";
				TargetAttributes = {
					F33D93FF1B5BD8E7000AA303 = {
						CreatedOnToolsVersion = 7.0;
						DevelopmentTeam = T7SD4W2ENW;
					};
				};
			};
			buildConfigurationList = F33D93FB1B5BD8E7000AA303 /* Build configuration list for PBXProject "dobrochannel" */;
			compatibilityVersion = "Xcode 3.2";
			developmentRegion = English;
			hasScannedForEncodings = 0;
			knownRegions = (
				en,
				Base,
			);
			mainGroup = F33D93F71B5BD8E7000AA303;
			productRefGroup = F33D94011B5BD8E7000AA303 /* Products */;
			projectDirPath = "";
			projectRoot = "";
			targets = (
				F33D93FF1B5BD8E7000AA303 /* Dobrochannel */,
			);
		};
/* End PBXProject section */

/* Begin PBXResourcesBuildPhase section */
		F33D93FE1B5BD8E7000AA303 /* Resources */ = {
			isa = PBXResourcesBuildPhase;
			buildActionMask = 2147483647;
			files = (
				F33D941F1B5BD9C8000AA303 /* ContentViewController.xib in Resources */,
				F31451771B72730E00CAAA59 /* Launch Screen.storyboard in Resources */,
				F3B937B51B5DAAD300721CD8 /* ThreadTableViewCell.xib in Resources */,
				F37CA02B1B68E55400A885C7 /* DetailedAttachmentViewController.xib in Resources */,
				F3B937BA1B5DAAFA00721CD8 /* PostTableViewCell.xib in Resources */,
				F33D940E1B5BD8E7000AA303 /* Main.storyboard in Resources */,
				F3B063C01B7A9764003BA83E /* Assets.xcassets in Resources */,
				F3DC6FF21B6B93E60063857A /* PostViewController.xib in Resources */,
			);
			runOnlyForDeploymentPostprocessing = 0;
		};
/* End PBXResourcesBuildPhase section */

/* Begin PBXSourcesBuildPhase section */
		F33D93FC1B5BD8E7000AA303 /* Sources */ = {
			isa = PBXSourcesBuildPhase;
			buildActionMask = 2147483647;
			files = (
				F3B937C51B5E64F500721CD8 /* Board.xcdatamodeld in Sources */,
				F38CAC491B68496E00A2EF98 /* UserDefaults.m in Sources */,
				F39CBEA71B5D71440049DB45 /* AutoLayoutStackView.m in Sources */,
				F33D941E1B5BD9C8000AA303 /* ContentViewController.m in Sources */,
				F3BD07701B683D79000946B5 /* SettingsViewController.m in Sources */,
				F39369361B5E86290068A85F /* BoardViewController.m in Sources */,
				F37149E11B5BDB5A00582DE4 /* BoardAPI.m in Sources */,
				F39CACB71B60FFEE003BEA68 /* BoardMarkupParser.m in Sources */,
				F3DC6FF11B6B93E60063857A /* PostViewController.m in Sources */,
				F3DC6FED1B6A46FD0063857A /* MessageTextViewDelegate.m in Sources */,
				F33D94081B5BD8E7000AA303 /* AppDelegate.m in Sources */,
				F3E4618A1B5FD09800A34BBF /* ShowAttachmentsViewController.m in Sources */,
				F3B937B41B5DAAD300721CD8 /* ThreadTableViewCell.m in Sources */,
				F37DDFBA1B77F2380056D316 /* NewPostViewController.m in Sources */,
				F3C59D401B5E9CFC0053CA72 /* BoardRequestParser.m in Sources */,
				F33D94051B5BD8E7000AA303 /* main.m in Sources */,
				F37CA02A1B68E55400A885C7 /* DetailedAttachmentViewController.m in Sources */,
				F3B937B91B5DAAFA00721CD8 /* PostTableViewCell.m in Sources */,
				F38F1C441B606AF000DDDE64 /* BoardSwitcherViewController.m in Sources */,
				F3B937BF1B5E55D700721CD8 /* BoardTableViewCell.m in Sources */,
				F3796B121B64EC9B0001D81F /* AttachmentsTableDelegate.m in Sources */,
				F39369331B5E839F0068A85F /* ThreadViewController.m in Sources */,
				F3B063C61B7AB5FC003BA83E /* BoardPostResponseParser.m in Sources */,
				F3B937C81B5E6A7100721CD8 /* BoardManagedObjectContext.m in Sources */,
			);
			runOnlyForDeploymentPostprocessing = 0;
		};
/* End PBXSourcesBuildPhase section */

/* Begin PBXVariantGroup section */
		F33D940C1B5BD8E7000AA303 /* Main.storyboard */ = {
			isa = PBXVariantGroup;
			children = (
				F33D940D1B5BD8E7000AA303 /* Base */,
			);
			name = Main.storyboard;
			sourceTree = "<group>";
		};
/* End PBXVariantGroup section */

/* Begin XCBuildConfiguration section */
		F33D94151B5BD8E7000AA303 /* Debug */ = {
			isa = XCBuildConfiguration;
			buildSettings = {
				ALWAYS_SEARCH_USER_PATHS = NO;
				CLANG_CXX_LANGUAGE_STANDARD = "gnu++0x";
				CLANG_CXX_LIBRARY = "libc++";
				CLANG_ENABLE_MODULES = YES;
				CLANG_ENABLE_OBJC_ARC = YES;
				CLANG_WARN_BOOL_CONVERSION = YES;
				CLANG_WARN_CONSTANT_CONVERSION = YES;
				CLANG_WARN_DIRECT_OBJC_ISA_USAGE = YES_ERROR;
				CLANG_WARN_EMPTY_BODY = YES;
				CLANG_WARN_ENUM_CONVERSION = YES;
				CLANG_WARN_INT_CONVERSION = YES;
				CLANG_WARN_OBJC_ROOT_CLASS = YES_ERROR;
				CLANG_WARN_UNREACHABLE_CODE = YES;
				CLANG_WARN__DUPLICATE_METHOD_MATCH = YES;
				"CODE_SIGN_IDENTITY[sdk=iphoneos*]" = "iPhone Developer";
				COPY_PHASE_STRIP = NO;
				DEBUG_INFORMATION_FORMAT = dwarf;
				ENABLE_STRICT_OBJC_MSGSEND = YES;
				ENABLE_TESTABILITY = YES;
				GCC_C_LANGUAGE_STANDARD = gnu99;
				GCC_DYNAMIC_NO_PIC = NO;
				GCC_NO_COMMON_BLOCKS = YES;
				GCC_OPTIMIZATION_LEVEL = 0;
				GCC_PREPROCESSOR_DEFINITIONS = (
					"DEBUG=1",
					"$(inherited)",
				);
				GCC_WARN_64_TO_32_BIT_CONVERSION = YES;
				GCC_WARN_ABOUT_RETURN_TYPE = YES_ERROR;
				GCC_WARN_UNDECLARED_SELECTOR = YES;
				GCC_WARN_UNINITIALIZED_AUTOS = YES_AGGRESSIVE;
				GCC_WARN_UNUSED_FUNCTION = YES;
				GCC_WARN_UNUSED_VARIABLE = YES;
				IPHONEOS_DEPLOYMENT_TARGET = 9.0;
				MTL_ENABLE_DEBUG_INFO = YES;
				ONLY_ACTIVE_ARCH = YES;
				SDKROOT = iphoneos;
				TARGETED_DEVICE_FAMILY = "1,2";
			};
			name = Debug;
		};
		F33D94161B5BD8E7000AA303 /* Release */ = {
			isa = XCBuildConfiguration;
			buildSettings = {
				ALWAYS_SEARCH_USER_PATHS = NO;
				CLANG_CXX_LANGUAGE_STANDARD = "gnu++0x";
				CLANG_CXX_LIBRARY = "libc++";
				CLANG_ENABLE_MODULES = YES;
				CLANG_ENABLE_OBJC_ARC = YES;
				CLANG_WARN_BOOL_CONVERSION = YES;
				CLANG_WARN_CONSTANT_CONVERSION = YES;
				CLANG_WARN_DIRECT_OBJC_ISA_USAGE = YES_ERROR;
				CLANG_WARN_EMPTY_BODY = YES;
				CLANG_WARN_ENUM_CONVERSION = YES;
				CLANG_WARN_INT_CONVERSION = YES;
				CLANG_WARN_OBJC_ROOT_CLASS = YES_ERROR;
				CLANG_WARN_UNREACHABLE_CODE = YES;
				CLANG_WARN__DUPLICATE_METHOD_MATCH = YES;
				"CODE_SIGN_IDENTITY[sdk=iphoneos*]" = "iPhone Developer";
				COPY_PHASE_STRIP = NO;
				DEBUG_INFORMATION_FORMAT = "dwarf-with-dsym";
				ENABLE_NS_ASSERTIONS = NO;
				ENABLE_STRICT_OBJC_MSGSEND = YES;
				GCC_C_LANGUAGE_STANDARD = gnu99;
				GCC_NO_COMMON_BLOCKS = YES;
				GCC_WARN_64_TO_32_BIT_CONVERSION = YES;
				GCC_WARN_ABOUT_RETURN_TYPE = YES_ERROR;
				GCC_WARN_UNDECLARED_SELECTOR = YES;
				GCC_WARN_UNINITIALIZED_AUTOS = YES_AGGRESSIVE;
				GCC_WARN_UNUSED_FUNCTION = YES;
				GCC_WARN_UNUSED_VARIABLE = YES;
				IPHONEOS_DEPLOYMENT_TARGET = 9.0;
				MTL_ENABLE_DEBUG_INFO = NO;
				SDKROOT = iphoneos;
				TARGETED_DEVICE_FAMILY = "1,2";
				VALIDATE_PRODUCT = YES;
			};
			name = Release;
		};
		F33D94181B5BD8E7000AA303 /* Debug */ = {
			isa = XCBuildConfiguration;
			buildSettings = {
				ASSETCATALOG_COMPILER_APPICON_NAME = AppIcon;
				CODE_SIGN_IDENTITY = "iPhone Developer";
				"CODE_SIGN_IDENTITY[sdk=iphoneos*]" = "iPhone Developer";
				INFOPLIST_FILE = dobrochannel/Info.plist;
				IPHONEOS_DEPLOYMENT_TARGET = 8.0;
				LD_RUNPATH_SEARCH_PATHS = "$(inherited) @executable_path/Frameworks";
				PRODUCT_BUNDLE_IDENTIFIER = org.shdwprince.dobrochannel;
				PRODUCT_NAME = "$(TARGET_NAME)";
				PROVISIONING_PROFILE = "";
			};
			name = Debug;
		};
		F33D94191B5BD8E7000AA303 /* Release */ = {
			isa = XCBuildConfiguration;
			buildSettings = {
				ASSETCATALOG_COMPILER_APPICON_NAME = AppIcon;
				CODE_SIGN_IDENTITY = "iPhone Developer";
				"CODE_SIGN_IDENTITY[sdk=iphoneos*]" = "iPhone Developer";
				INFOPLIST_FILE = dobrochannel/Info.plist;
				IPHONEOS_DEPLOYMENT_TARGET = 8.0;
				LD_RUNPATH_SEARCH_PATHS = "$(inherited) @executable_path/Frameworks";
				PRODUCT_BUNDLE_IDENTIFIER = org.shdwprince.dobrochannel;
				PRODUCT_NAME = "$(TARGET_NAME)";
				PROVISIONING_PROFILE = "";
			};
			name = Release;
		};
/* End XCBuildConfiguration section */

/* Begin XCConfigurationList section */
		F33D93FB1B5BD8E7000AA303 /* Build configuration list for PBXProject "dobrochannel" */ = {
			isa = XCConfigurationList;
			buildConfigurations = (
				F33D94151B5BD8E7000AA303 /* Debug */,
				F33D94161B5BD8E7000AA303 /* Release */,
			);
			defaultConfigurationIsVisible = 0;
			defaultConfigurationName = Release;
		};
		F33D94171B5BD8E7000AA303 /* Build configuration list for PBXNativeTarget "Dobrochannel" */ = {
			isa = XCConfigurationList;
			buildConfigurations = (
				F33D94181B5BD8E7000AA303 /* Debug */,
				F33D94191B5BD8E7000AA303 /* Release */,
			);
			defaultConfigurationIsVisible = 0;
			defaultConfigurationName = Release;
		};
/* End XCConfigurationList section */

/* Begin XCVersionGroup section */
		F3B937C31B5E64F500721CD8 /* Board.xcdatamodeld */ = {
			isa = XCVersionGroup;
			children = (
				F3B937C41B5E64F500721CD8 /* Board.xcdatamodel */,
			);
			currentVersion = F3B937C41B5E64F500721CD8 /* Board.xcdatamodel */;
			path = Board.xcdatamodeld;
			sourceTree = "<group>";
			versionGroupType = wrapper.xcdatamodel;
		};
/* End XCVersionGroup section */
	};
	rootObject = F33D93F81B5BD8E7000AA303 /* Project object */;
}
